// !$*UTF8*$!
{
	archiveVersion = 1;
	classes = {
	};
	objectVersion = 53;
	objects = {

/* Begin PBXBuildFile section */
		2F4B71C32BD3ABCE00AA86C7 /* AppDelegate.swift in Sources */ = {isa = PBXBuildFile; fileRef = 2F4B71C22BD3ABCE00AA86C7 /* AppDelegate.swift */; };
		2F4B71C72BD3ABD000AA86C7 /* Assets.xcassets in Resources */ = {isa = PBXBuildFile; fileRef = 2F4B71C62BD3ABD000AA86C7 /* Assets.xcassets */; };
		2F4B71CA2BD3ABD000AA86C7 /* Main.storyboard in Resources */ = {isa = PBXBuildFile; fileRef = 2F4B71C82BD3ABD000AA86C7 /* Main.storyboard */; };
		2F4B71D52BD3ABD000AA86C7 /* Lockra1nTests.swift in Sources */ = {isa = PBXBuildFile; fileRef = 2F4B71D42BD3ABD000AA86C7 /* Lockra1nTests.swift */; };
		2F4B71DF2BD3ABD000AA86C7 /* Lockra1nUITests.swift in Sources */ = {isa = PBXBuildFile; fileRef = 2F4B71DE2BD3ABD000AA86C7 /* Lockra1nUITests.swift */; };
		2F4B71E12BD3ABD000AA86C7 /* Lockra1nUITestsLaunchTests.swift in Sources */ = {isa = PBXBuildFile; fileRef = 2F4B71E02BD3ABD000AA86C7 /* Lockra1nUITestsLaunchTests.swift */; };
		2FAA5C852BEC078700A27885 /* ViewController.swift in Sources */ = {isa = PBXBuildFile; fileRef = 2F4B71C42BD3ABCE00AA86C7 /* ViewController.swift */; };
/* End PBXBuildFile section */

/* Begin PBXContainerItemProxy section */
		2F4B71D12BD3ABD000AA86C7 /* PBXContainerItemProxy */ = {
			isa = PBXContainerItemProxy;
			containerPortal = 2F4B71B72BD3ABCE00AA86C7 /* Project object */;
			proxyType = 1;
			remoteGlobalIDString = 2F4B71BE2BD3ABCE00AA86C7;
			remoteInfo = Lockra1n;
		};
		2F4B71DB2BD3ABD000AA86C7 /* PBXContainerItemProxy */ = {
			isa = PBXContainerItemProxy;
			containerPortal = 2F4B71B72BD3ABCE00AA86C7 /* Project object */;
			proxyType = 1;
			remoteGlobalIDString = 2F4B71BE2BD3ABCE00AA86C7;
			remoteInfo = Lockra1n;
		};
/* End PBXContainerItemProxy section */

/* Begin PBXFileReference section */
		2F2F4F592BD8D28500C2A522 /* test.scpt */ = {isa = PBXFileReference; lastKnownFileType = text; path = test.scpt; sourceTree = "<group>"; };
		2F4B71BF2BD3ABCE00AA86C7 /* Lockra1n.app */ = {isa = PBXFileReference; explicitFileType = wrapper.application; includeInIndex = 0; path = Lockra1n.app; sourceTree = BUILT_PRODUCTS_DIR; };
		2F4B71C22BD3ABCE00AA86C7 /* AppDelegate.swift */ = {isa = PBXFileReference; lastKnownFileType = sourcecode.swift; path = AppDelegate.swift; sourceTree = "<group>"; };
		2F4B71C42BD3ABCE00AA86C7 /* ViewController.swift */ = {isa = PBXFileReference; lastKnownFileType = sourcecode.swift; path = ViewController.swift; sourceTree = "<group>"; };
		2F4B71C62BD3ABD000AA86C7 /* Assets.xcassets */ = {isa = PBXFileReference; lastKnownFileType = folder.assetcatalog; path = Assets.xcassets; sourceTree = "<group>"; };
		2F4B71C92BD3ABD000AA86C7 /* Base */ = {isa = PBXFileReference; lastKnownFileType = file.storyboard; name = Base; path = Base.lproj/Main.storyboard; sourceTree = "<group>"; };
		2F4B71CB2BD3ABD000AA86C7 /* Lockra1n.entitlements */ = {isa = PBXFileReference; lastKnownFileType = text.plist.entitlements; path = Lockra1n.entitlements; sourceTree = "<group>"; };
		2F4B71D02BD3ABD000AA86C7 /* Lockra1nTests.xctest */ = {isa = PBXFileReference; explicitFileType = wrapper.cfbundle; includeInIndex = 0; path = Lockra1nTests.xctest; sourceTree = BUILT_PRODUCTS_DIR; };
		2F4B71D42BD3ABD000AA86C7 /* Lockra1nTests.swift */ = {isa = PBXFileReference; lastKnownFileType = sourcecode.swift; path = Lockra1nTests.swift; sourceTree = "<group>"; };
		2F4B71DA2BD3ABD000AA86C7 /* Lockra1nUITests.xctest */ = {isa = PBXFileReference; explicitFileType = wrapper.cfbundle; includeInIndex = 0; path = Lockra1nUITests.xctest; sourceTree = BUILT_PRODUCTS_DIR; };
		2F4B71DE2BD3ABD000AA86C7 /* Lockra1nUITests.swift */ = {isa = PBXFileReference; lastKnownFileType = sourcecode.swift; path = Lockra1nUITests.swift; sourceTree = "<group>"; };
		2F4B71E02BD3ABD000AA86C7 /* Lockra1nUITestsLaunchTests.swift */ = {isa = PBXFileReference; lastKnownFileType = sourcecode.swift; path = Lockra1nUITestsLaunchTests.swift; sourceTree = "<group>"; };
		2F5BE97B2BD8E1C100CA1236 /* Info.plist */ = {isa = PBXFileReference; lastKnownFileType = text.plist; path = Info.plist; sourceTree = "<group>"; };
/* End PBXFileReference section */

/* Begin PBXFrameworksBuildPhase section */
		2F4B71BC2BD3ABCE00AA86C7 /* Frameworks */ = {
			isa = PBXFrameworksBuildPhase;
			buildActionMask = 2147483647;
			files = (
			);
			runOnlyForDeploymentPostprocessing = 0;
		};
		2F4B71CD2BD3ABD000AA86C7 /* Frameworks */ = {
			isa = PBXFrameworksBuildPhase;
			buildActionMask = 2147483647;
			files = (
			);
			runOnlyForDeploymentPostprocessing = 0;
		};
		2F4B71D72BD3ABD000AA86C7 /* Frameworks */ = {
			isa = PBXFrameworksBuildPhase;
			buildActionMask = 2147483647;
			files = (
			);
			runOnlyForDeploymentPostprocessing = 0;
		};
/* End PBXFrameworksBuildPhase section */

/* Begin PBXGroup section */
		2F4B71B62BD3ABCE00AA86C7 = {
			isa = PBXGroup;
			children = (
				2F4B71C12BD3ABCE00AA86C7 /* Lockra1n */,
				2F4B71D32BD3ABD000AA86C7 /* Lockra1nTests */,
				2F4B71DD2BD3ABD000AA86C7 /* Lockra1nUITests */,
				2F4B71C02BD3ABCE00AA86C7 /* Products */,
			);
			sourceTree = "<group>";
		};
		2F4B71C02BD3ABCE00AA86C7 /* Products */ = {
			isa = PBXGroup;
			children = (
				2F4B71BF2BD3ABCE00AA86C7 /* Lockra1n.app */,
				2F4B71D02BD3ABD000AA86C7 /* Lockra1nTests.xctest */,
				2F4B71DA2BD3ABD000AA86C7 /* Lockra1nUITests.xctest */,
			);
			name = Products;
			sourceTree = "<group>";
		};
		2F4B71C12BD3ABCE00AA86C7 /* Lockra1n */ = {
			isa = PBXGroup;
			children = (
				2F5BE97B2BD8E1C100CA1236 /* Info.plist */,
				2F4B71C22BD3ABCE00AA86C7 /* AppDelegate.swift */,
				2F4B71C42BD3ABCE00AA86C7 /* ViewController.swift */,
				2F4B71C62BD3ABD000AA86C7 /* Assets.xcassets */,
				2F4B71C82BD3ABD000AA86C7 /* Main.storyboard */,
				2F2F4F592BD8D28500C2A522 /* test.scpt */,
				2F4B71CB2BD3ABD000AA86C7 /* Lockra1n.entitlements */,
			);
			path = Lockra1n;
			sourceTree = "<group>";
		};
		2F4B71D32BD3ABD000AA86C7 /* Lockra1nTests */ = {
			isa = PBXGroup;
			children = (
				2F4B71D42BD3ABD000AA86C7 /* Lockra1nTests.swift */,
			);
			path = Lockra1nTests;
			sourceTree = "<group>";
		};
		2F4B71DD2BD3ABD000AA86C7 /* Lockra1nUITests */ = {
			isa = PBXGroup;
			children = (
				2F4B71DE2BD3ABD000AA86C7 /* Lockra1nUITests.swift */,
				2F4B71E02BD3ABD000AA86C7 /* Lockra1nUITestsLaunchTests.swift */,
			);
			path = Lockra1nUITests;
			sourceTree = "<group>";
		};
/* End PBXGroup section */

/* Begin PBXNativeTarget section */
		2F4B71BE2BD3ABCE00AA86C7 /* Lockra1n */ = {
			isa = PBXNativeTarget;
			buildConfigurationList = 2F4B71E42BD3ABD000AA86C7 /* Build configuration list for PBXNativeTarget "Lockra1n" */;
			buildPhases = (
				2F4B71BB2BD3ABCE00AA86C7 /* Sources */,
				2F4B71BC2BD3ABCE00AA86C7 /* Frameworks */,
				2F4B71BD2BD3ABCE00AA86C7 /* Resources */,
			);
			buildRules = (
			);
			dependencies = (
			);
			name = Lockra1n;
			productName = Lockra1n;
			productReference = 2F4B71BF2BD3ABCE00AA86C7 /* Lockra1n.app */;
			productType = "com.apple.product-type.application";
		};
		2F4B71CF2BD3ABD000AA86C7 /* Lockra1nTests */ = {
			isa = PBXNativeTarget;
			buildConfigurationList = 2F4B71E72BD3ABD000AA86C7 /* Build configuration list for PBXNativeTarget "Lockra1nTests" */;
			buildPhases = (
				2F4B71CC2BD3ABD000AA86C7 /* Sources */,
				2F4B71CD2BD3ABD000AA86C7 /* Frameworks */,
				2F4B71CE2BD3ABD000AA86C7 /* Resources */,
			);
			buildRules = (
			);
			dependencies = (
				2F4B71D22BD3ABD000AA86C7 /* PBXTargetDependency */,
			);
			name = Lockra1nTests;
			productName = Lockra1nTests;
			productReference = 2F4B71D02BD3ABD000AA86C7 /* Lockra1nTests.xctest */;
			productType = "com.apple.product-type.bundle.unit-test";
		};
		2F4B71D92BD3ABD000AA86C7 /* Lockra1nUITests */ = {
			isa = PBXNativeTarget;
			buildConfigurationList = 2F4B71EA2BD3ABD000AA86C7 /* Build configuration list for PBXNativeTarget "Lockra1nUITests" */;
			buildPhases = (
				2F4B71D62BD3ABD000AA86C7 /* Sources */,
				2F4B71D72BD3ABD000AA86C7 /* Frameworks */,
				2F4B71D82BD3ABD000AA86C7 /* Resources */,
			);
			buildRules = (
			);
			dependencies = (
				2F4B71DC2BD3ABD000AA86C7 /* PBXTargetDependency */,
			);
			name = Lockra1nUITests;
			productName = Lockra1nUITests;
			productReference = 2F4B71DA2BD3ABD000AA86C7 /* Lockra1nUITests.xctest */;
			productType = "com.apple.product-type.bundle.ui-testing";
		};
/* End PBXNativeTarget section */

/* Begin PBXProject section */
		2F4B71B72BD3ABCE00AA86C7 /* Project object */ = {
			isa = PBXProject;
			attributes = {
				BuildIndependentTargetsInParallel = 1;
				LastSwiftUpdateCheck = 1430;
				LastUpgradeCheck = 1430;
				TargetAttributes = {
					2F4B71BE2BD3ABCE00AA86C7 = {
						CreatedOnToolsVersion = 14.3.1;
					};
					2F4B71CF2BD3ABD000AA86C7 = {
						CreatedOnToolsVersion = 14.3.1;
						TestTargetID = 2F4B71BE2BD3ABCE00AA86C7;
					};
					2F4B71D92BD3ABD000AA86C7 = {
						CreatedOnToolsVersion = 14.3.1;
						TestTargetID = 2F4B71BE2BD3ABCE00AA86C7;
					};
				};
			};
			buildConfigurationList = 2F4B71BA2BD3ABCE00AA86C7 /* Build configuration list for PBXProject "Lockra1n" */;
			compatibilityVersion = "Xcode 10.0";
			developmentRegion = en;
			hasScannedForEncodings = 0;
			knownRegions = (
				en,
				Base,
			);
			mainGroup = 2F4B71B62BD3ABCE00AA86C7;
			productRefGroup = 2F4B71C02BD3ABCE00AA86C7 /* Products */;
			projectDirPath = "";
			projectRoot = "";
			targets = (
				2F4B71BE2BD3ABCE00AA86C7 /* Lockra1n */,
				2F4B71CF2BD3ABD000AA86C7 /* Lockra1nTests */,
				2F4B71D92BD3ABD000AA86C7 /* Lockra1nUITests */,
			);
		};
/* End PBXProject section */

/* Begin PBXResourcesBuildPhase section */
		2F4B71BD2BD3ABCE00AA86C7 /* Resources */ = {
			isa = PBXResourcesBuildPhase;
			buildActionMask = 2147483647;
			files = (
				2F4B71C72BD3ABD000AA86C7 /* Assets.xcassets in Resources */,
				2F4B71CA2BD3ABD000AA86C7 /* Main.storyboard in Resources */,
			);
			runOnlyForDeploymentPostprocessing = 0;
		};
		2F4B71CE2BD3ABD000AA86C7 /* Resources */ = {
			isa = PBXResourcesBuildPhase;
			buildActionMask = 2147483647;
			files = (
			);
			runOnlyForDeploymentPostprocessing = 0;
		};
		2F4B71D82BD3ABD000AA86C7 /* Resources */ = {
			isa = PBXResourcesBuildPhase;
			buildActionMask = 2147483647;
			files = (
			);
			runOnlyForDeploymentPostprocessing = 0;
		};
/* End PBXResourcesBuildPhase section */

/* Begin PBXSourcesBuildPhase section */
		2F4B71BB2BD3ABCE00AA86C7 /* Sources */ = {
			isa = PBXSourcesBuildPhase;
			buildActionMask = 2147483647;
			files = (
				2FAA5C852BEC078700A27885 /* ViewController.swift in Sources */,
				2F4B71C32BD3ABCE00AA86C7 /* AppDelegate.swift in Sources */,
			);
			runOnlyForDeploymentPostprocessing = 0;
		};
		2F4B71CC2BD3ABD000AA86C7 /* Sources */ = {
			isa = PBXSourcesBuildPhase;
			buildActionMask = 2147483647;
			files = (
				2F4B71D52BD3ABD000AA86C7 /* Lockra1nTests.swift in Sources */,
			);
			runOnlyForDeploymentPostprocessing = 0;
		};
		2F4B71D62BD3ABD000AA86C7 /* Sources */ = {
			isa = PBXSourcesBuildPhase;
			buildActionMask = 2147483647;
			files = (
				2F4B71E12BD3ABD000AA86C7 /* Lockra1nUITestsLaunchTests.swift in Sources */,
				2F4B71DF2BD3ABD000AA86C7 /* Lockra1nUITests.swift in Sources */,
			);
			runOnlyForDeploymentPostprocessing = 0;
		};
/* End PBXSourcesBuildPhase section */

/* Begin PBXTargetDependency section */
		2F4B71D22BD3ABD000AA86C7 /* PBXTargetDependency */ = {
			isa = PBXTargetDependency;
			target = 2F4B71BE2BD3ABCE00AA86C7 /* Lockra1n */;
			targetProxy = 2F4B71D12BD3ABD000AA86C7 /* PBXContainerItemProxy */;
		};
		2F4B71DC2BD3ABD000AA86C7 /* PBXTargetDependency */ = {
			isa = PBXTargetDependency;
			target = 2F4B71BE2BD3ABCE00AA86C7 /* Lockra1n */;
			targetProxy = 2F4B71DB2BD3ABD000AA86C7 /* PBXContainerItemProxy */;
		};
/* End PBXTargetDependency section */

/* Begin PBXVariantGroup section */
		2F4B71C82BD3ABD000AA86C7 /* Main.storyboard */ = {
			isa = PBXVariantGroup;
			children = (
				2F4B71C92BD3ABD000AA86C7 /* Base */,
			);
			name = Main.storyboard;
			sourceTree = "<group>";
		};
/* End PBXVariantGroup section */

/* Begin XCBuildConfiguration section */
		2F4B71E22BD3ABD000AA86C7 /* Debug */ = {
			isa = XCBuildConfiguration;
			buildSettings = {
				ALWAYS_SEARCH_USER_PATHS = NO;
				CLANG_ANALYZER_NONNULL = YES;
				CLANG_ANALYZER_NUMBER_OBJECT_CONVERSION = YES_AGGRESSIVE;
				CLANG_CXX_LANGUAGE_STANDARD = "gnu++20";
				CLANG_ENABLE_MODULES = YES;
				CLANG_ENABLE_OBJC_ARC = YES;
				CLANG_ENABLE_OBJC_WEAK = YES;
				CLANG_WARN_BLOCK_CAPTURE_AUTORELEASING = YES;
				CLANG_WARN_BOOL_CONVERSION = YES;
				CLANG_WARN_COMMA = YES;
				CLANG_WARN_CONSTANT_CONVERSION = YES;
				CLANG_WARN_DEPRECATED_OBJC_IMPLEMENTATIONS = YES;
				CLANG_WARN_DIRECT_OBJC_ISA_USAGE = YES_ERROR;
				CLANG_WARN_DOCUMENTATION_COMMENTS = YES;
				CLANG_WARN_EMPTY_BODY = YES;
				CLANG_WARN_ENUM_CONVERSION = YES;
				CLANG_WARN_INFINITE_RECURSION = YES;
				CLANG_WARN_INT_CONVERSION = YES;
				CLANG_WARN_NON_LITERAL_NULL_CONVERSION = YES;
				CLANG_WARN_OBJC_IMPLICIT_RETAIN_SELF = YES;
				CLANG_WARN_OBJC_LITERAL_CONVERSION = YES;
				CLANG_WARN_OBJC_ROOT_CLASS = YES_ERROR;
				CLANG_WARN_QUOTED_INCLUDE_IN_FRAMEWORK_HEADER = YES;
				CLANG_WARN_RANGE_LOOP_ANALYSIS = YES;
				CLANG_WARN_STRICT_PROTOTYPES = YES;
				CLANG_WARN_SUSPICIOUS_MOVE = YES;
				CLANG_WARN_UNGUARDED_AVAILABILITY = YES_AGGRESSIVE;
				CLANG_WARN_UNREACHABLE_CODE = YES;
				CLANG_WARN__DUPLICATE_METHOD_MATCH = YES;
				COPY_PHASE_STRIP = NO;
				DEBUG_INFORMATION_FORMAT = dwarf;
				ENABLE_STRICT_OBJC_MSGSEND = YES;
				ENABLE_TESTABILITY = YES;
				GCC_C_LANGUAGE_STANDARD = gnu11;
				GCC_DYNAMIC_NO_PIC = NO;
				GCC_NO_COMMON_BLOCKS = YES;
				GCC_OPTIMIZATION_LEVEL = 0;
				GCC_PREPROCESSOR_DEFINITIONS = (
					"DEBUG=1",
					"$(inherited)",
				);
				GCC_WARN_64_TO_32_BIT_CONVERSION = YES;
				GCC_WARN_ABOUT_RETURN_TYPE = YES_ERROR;
				GCC_WARN_UNDECLARED_SELECTOR = YES;
				GCC_WARN_UNINITIALIZED_AUTOS = YES_AGGRESSIVE;
				GCC_WARN_UNUSED_FUNCTION = YES;
				GCC_WARN_UNUSED_VARIABLE = YES;
				MACOSX_DEPLOYMENT_TARGET = 13.2;
				MTL_ENABLE_DEBUG_INFO = INCLUDE_SOURCE;
				MTL_FAST_MATH = YES;
				ONLY_ACTIVE_ARCH = YES;
				SDKROOT = macosx;
				SWIFT_ACTIVE_COMPILATION_CONDITIONS = DEBUG;
				SWIFT_OPTIMIZATION_LEVEL = "-Onone";
			};
			name = Debug;
		};
		2F4B71E32BD3ABD000AA86C7 /* Release */ = {
			isa = XCBuildConfiguration;
			buildSettings = {
				ALWAYS_SEARCH_USER_PATHS = NO;
				CLANG_ANALYZER_NONNULL = YES;
				CLANG_ANALYZER_NUMBER_OBJECT_CONVERSION = YES_AGGRESSIVE;
				CLANG_CXX_LANGUAGE_STANDARD = "gnu++20";
				CLANG_ENABLE_MODULES = YES;
				CLANG_ENABLE_OBJC_ARC = YES;
				CLANG_ENABLE_OBJC_WEAK = YES;
				CLANG_WARN_BLOCK_CAPTURE_AUTORELEASING = YES;
				CLANG_WARN_BOOL_CONVERSION = YES;
				CLANG_WARN_COMMA = YES;
				CLANG_WARN_CONSTANT_CONVERSION = YES;
				CLANG_WARN_DEPRECATED_OBJC_IMPLEMENTATIONS = YES;
				CLANG_WARN_DIRECT_OBJC_ISA_USAGE = YES_ERROR;
				CLANG_WARN_DOCUMENTATION_COMMENTS = YES;
				CLANG_WARN_EMPTY_BODY = YES;
				CLANG_WARN_ENUM_CONVERSION = YES;
				CLANG_WARN_INFINITE_RECURSION = YES;
				CLANG_WARN_INT_CONVERSION = YES;
				CLANG_WARN_NON_LITERAL_NULL_CONVERSION = YES;
				CLANG_WARN_OBJC_IMPLICIT_RETAIN_SELF = YES;
				CLANG_WARN_OBJC_LITERAL_CONVERSION = YES;
				CLANG_WARN_OBJC_ROOT_CLASS = YES_ERROR;
				CLANG_WARN_QUOTED_INCLUDE_IN_FRAMEWORK_HEADER = YES;
				CLANG_WARN_RANGE_LOOP_ANALYSIS = YES;
				CLANG_WARN_STRICT_PROTOTYPES = YES;
				CLANG_WARN_SUSPICIOUS_MOVE = YES;
				CLANG_WARN_UNGUARDED_AVAILABILITY = YES_AGGRESSIVE;
				CLANG_WARN_UNREACHABLE_CODE = YES;
				CLANG_WARN__DUPLICATE_METHOD_MATCH = YES;
				COPY_PHASE_STRIP = NO;
				DEBUG_INFORMATION_FORMAT = "dwarf-with-dsym";
				ENABLE_NS_ASSERTIONS = NO;
				ENABLE_STRICT_OBJC_MSGSEND = YES;
				GCC_C_LANGUAGE_STANDARD = gnu11;
				GCC_NO_COMMON_BLOCKS = YES;
				GCC_WARN_64_TO_32_BIT_CONVERSION = YES;
				GCC_WARN_ABOUT_RETURN_TYPE = YES_ERROR;
				GCC_WARN_UNDECLARED_SELECTOR = YES;
				GCC_WARN_UNINITIALIZED_AUTOS = YES_AGGRESSIVE;
				GCC_WARN_UNUSED_FUNCTION = YES;
				GCC_WARN_UNUSED_VARIABLE = YES;
				MACOSX_DEPLOYMENT_TARGET = 13.2;
				MTL_ENABLE_DEBUG_INFO = NO;
				MTL_FAST_MATH = YES;
				SDKROOT = macosx;
				SWIFT_COMPILATION_MODE = wholemodule;
				SWIFT_OPTIMIZATION_LEVEL = "-O";
			};
			name = Release;
		};
		2F4B71E52BD3ABD000AA86C7 /* Debug */ = {
			isa = XCBuildConfiguration;
			buildSettings = {
				ASSETCATALOG_COMPILER_APPICON_NAME = AppIcon;
				ASSETCATALOG_COMPILER_GLOBAL_ACCENT_COLOR_NAME = AccentColor;
				ASSETCATALOG_COMPILER_INCLUDE_ALL_APPICON_ASSETS = YES;
				CODE_SIGN_ALLOW_ENTITLEMENTS_MODIFICATION = YES;
				CODE_SIGN_ENTITLEMENTS = Lockra1n/Lockra1n.entitlements;
				CODE_SIGN_STYLE = Automatic;
				COMBINE_HIDPI_IMAGES = YES;
				CURRENT_PROJECT_VERSION = 1;
				DEVELOPMENT_TEAM = RHHMWXM742;
				ENABLE_HARDENED_RUNTIME = YES;
				GENERATE_INFOPLIST_FILE = YES;
				INFOPLIST_FILE = Lockra1n/Info.plist;
				INFOPLIST_KEY_LSApplicationCategoryType = "public.app-category.utilities";
				INFOPLIST_KEY_NSHumanReadableCopyright = "";
				INFOPLIST_KEY_NSMainStoryboardFile = Main;
				INFOPLIST_KEY_NSPrincipalClass = NSApplication;
				LD_RUNPATH_SEARCH_PATHS = (
					"$(inherited)",
					"@executable_path/../Frameworks",
				);
				MACOSX_DEPLOYMENT_TARGET = 10.14;
				MARKETING_VERSION = "2.0 beta 3";
				PRODUCT_BUNDLE_IDENTIFIER = com.AlwaysAppleFTD.Lockra1n;
				PRODUCT_NAME = "$(TARGET_NAME)";
				SWIFT_EMIT_LOC_STRINGS = YES;
				SWIFT_VERSION = 5.0;
			};
			name = Debug;
		};
		2F4B71E62BD3ABD000AA86C7 /* Release */ = {
			isa = XCBuildConfiguration;
			buildSettings = {
				ASSETCATALOG_COMPILER_APPICON_NAME = AppIcon;
				ASSETCATALOG_COMPILER_GLOBAL_ACCENT_COLOR_NAME = AccentColor;
				ASSETCATALOG_COMPILER_INCLUDE_ALL_APPICON_ASSETS = YES;
				CODE_SIGN_ALLOW_ENTITLEMENTS_MODIFICATION = YES;
				CODE_SIGN_ENTITLEMENTS = Lockra1n/Lockra1n.entitlements;
				CODE_SIGN_STYLE = Automatic;
				COMBINE_HIDPI_IMAGES = YES;
				CURRENT_PROJECT_VERSION = 1;
				DEVELOPMENT_TEAM = RHHMWXM742;
				ENABLE_HARDENED_RUNTIME = YES;
				GENERATE_INFOPLIST_FILE = YES;
				INFOPLIST_FILE = Lockra1n/Info.plist;
				INFOPLIST_KEY_LSApplicationCategoryType = "public.app-category.utilities";
				INFOPLIST_KEY_NSHumanReadableCopyright = "";
				INFOPLIST_KEY_NSMainStoryboardFile = Main;
				INFOPLIST_KEY_NSPrincipalClass = NSApplication;
				LD_RUNPATH_SEARCH_PATHS = (
					"$(inherited)",
					"@executable_path/../Frameworks",
				);
				MACOSX_DEPLOYMENT_TARGET = 10.14;
				MARKETING_VERSION = "2.0 beta 3";
				PRODUCT_BUNDLE_IDENTIFIER = com.AlwaysAppleFTD.Lockra1n;
				PRODUCT_NAME = "$(TARGET_NAME)";
				SWIFT_EMIT_LOC_STRINGS = YES;
				SWIFT_VERSION = 5.0;
			};
			name = Release;
		};
		2F4B71E82BD3ABD000AA86C7 /* Debug */ = {
			isa = XCBuildConfiguration;
			buildSettings = {
				ALWAYS_EMBED_SWIFT_STANDARD_LIBRARIES = YES;
				BUNDLE_LOADER = "$(TEST_HOST)";
				CODE_SIGN_STYLE = Automatic;
				CURRENT_PROJECT_VERSION = 1;
				DEVELOPMENT_TEAM = RHHMWXM742;
				GENERATE_INFOPLIST_FILE = YES;
				MACOSX_DEPLOYMENT_TARGET = 13.2;
				MARKETING_VERSION = 1.0;
				PRODUCT_BUNDLE_IDENTIFIER = com.AlwaysAppleFTD.Lockra1nTests;
				PRODUCT_NAME = "$(TARGET_NAME)";
				SWIFT_EMIT_LOC_STRINGS = NO;
				SWIFT_VERSION = 5.0;
				TEST_HOST = "$(BUILT_PRODUCTS_DIR)/Lockra1n.app/$(BUNDLE_EXECUTABLE_FOLDER_PATH)/Lockra1n";
			};
			name = Debug;
		};
		2F4B71E92BD3ABD000AA86C7 /* Release */ = {
			isa = XCBuildConfiguration;
			buildSettings = {
				ALWAYS_EMBED_SWIFT_STANDARD_LIBRARIES = YES;
				BUNDLE_LOADER = "$(TEST_HOST)";
				CODE_SIGN_STYLE = Automatic;
				CURRENT_PROJECT_VERSION = 1;
				DEVELOPMENT_TEAM = RHHMWXM742;
				GENERATE_INFOPLIST_FILE = YES;
				MACOSX_DEPLOYMENT_TARGET = 13.2;
				MARKETING_VERSION = 1.0;
				PRODUCT_BUNDLE_IDENTIFIER = com.AlwaysAppleFTD.Lockra1nTests;
				PRODUCT_NAME = "$(TARGET_NAME)";
				SWIFT_EMIT_LOC_STRINGS = NO;
				SWIFT_VERSION = 5.0;
				TEST_HOST = "$(BUILT_PRODUCTS_DIR)/Lockra1n.app/$(BUNDLE_EXECUTABLE_FOLDER_PATH)/Lockra1n";
			};
			name = Release;
		};
		2F4B71EB2BD3ABD000AA86C7 /* Debug */ = {
			isa = XCBuildConfiguration;
			buildSettings = {
				ALWAYS_EMBED_SWIFT_STANDARD_LIBRARIES = YES;
				CODE_SIGN_STYLE = Automatic;
				CURRENT_PROJECT_VERSION = 1;
				DEVELOPMENT_TEAM = RHHMWXM742;
				GENERATE_INFOPLIST_FILE = YES;
				MARKETING_VERSION = 1.0;
				PRODUCT_BUNDLE_IDENTIFIER = com.AlwaysAppleFTD.Lockra1nUITests;
				PRODUCT_NAME = "$(TARGET_NAME)";
				SWIFT_EMIT_LOC_STRINGS = NO;
				SWIFT_VERSION = 5.0;
				TEST_TARGET_NAME = Lockra1n;
			};
			name = Debug;
		};
		2F4B71EC2BD3ABD000AA86C7 /* Release */ = {
			isa = XCBuildConfiguration;
			buildSettings = {
				ALWAYS_EMBED_SWIFT_STANDARD_LIBRARIES = YES;
				CODE_SIGN_STYLE = Automatic;
				CURRENT_PROJECT_VERSION = 1;
				DEVELOPMENT_TEAM = RHHMWXM742;
				GENERATE_INFOPLIST_FILE = YES;
				MARKETING_VERSION = 1.0;
				PRODUCT_BUNDLE_IDENTIFIER = com.AlwaysAppleFTD.Lockra1nUITests;
				PRODUCT_NAME = "$(TARGET_NAME)";
				SWIFT_EMIT_LOC_STRINGS = NO;
				SWIFT_VERSION = 5.0;
				TEST_TARGET_NAME = Lockra1n;
			};
			name = Release;
		};
/* End XCBuildConfiguration section */

/* Begin XCConfigurationList section */
		2F4B71BA2BD3ABCE00AA86C7 /* Build configuration list for PBXProject "Lockra1n" */ = {
			isa = XCConfigurationList;
			buildConfigurations = (
				2F4B71E22BD3ABD000AA86C7 /* Debug */,
				2F4B71E32BD3ABD000AA86C7 /* Release */,
			);
			defaultConfigurationIsVisible = 0;
			defaultConfigurationName = Release;
		};
		2F4B71E42BD3ABD000AA86C7 /* Build configuration list for PBXNativeTarget "Lockra1n" */ = {
			isa = XCConfigurationList;
			buildConfigurations = (
				2F4B71E52BD3ABD000AA86C7 /* Debug */,
				2F4B71E62BD3ABD000AA86C7 /* Release */,
			);
			defaultConfigurationIsVisible = 0;
			defaultConfigurationName = Release;
		};
		2F4B71E72BD3ABD000AA86C7 /* Build configuration list for PBXNativeTarget "Lockra1nTests" */ = {
			isa = XCConfigurationList;
			buildConfigurations = (
				2F4B71E82BD3ABD000AA86C7 /* Debug */,
				2F4B71E92BD3ABD000AA86C7 /* Release */,
			);
			defaultConfigurationIsVisible = 0;
			defaultConfigurationName = Release;
		};
		2F4B71EA2BD3ABD000AA86C7 /* Build configuration list for PBXNativeTarget "Lockra1nUITests" */ = {
			isa = XCConfigurationList;
			buildConfigurations = (
				2F4B71EB2BD3ABD000AA86C7 /* Debug */,
				2F4B71EC2BD3ABD000AA86C7 /* Release */,
			);
			defaultConfigurationIsVisible = 0;
			defaultConfigurationName = Release;
		};
/* End XCConfigurationList section */
	};
	rootObject = 2F4B71B72BD3ABCE00AA86C7 /* Project object */;
}
